# This file is automatically @generated by Cargo.
# It is not intended for manual editing.
version = 4

[[package]]
name = "chip_inverter"
version = "0.1.0"
dependencies = [
 "wokwi_chip_ll",
]

[[package]]
name = "wokwi_chip_ll"
version = "0.2.0"
source = "registry+https://github.com/rust-lang/crates.io-index"
checksum = "cde2a41b38b18edc56a71a2d7a76ab5acd11f5677a39fa1a34b29fc4f6190fc9"
